
Microsoft Visual Studio Solution File, Format Version 12.00
# Visual Studio Version 16
VisualStudioVersion = 16.0.30709.132
MinimumVisualStudioVersion = 10.0.40219.1
Project("{9A19103F-16F7-4668-BE54-9A1E7A4F7556}") = "Ex1_1", "Ex1_1\Ex1_1.csproj", "{0907C5B5-8C0B-4458-90B9-E2EA9B919159}"
EndProject
Project("{9A19103F-16F7-4668-BE54-9A1E7A4F7556}") = "Ex1_2", "Ex1_2\Ex1_2.csproj", "{87A0CDA4-415A-4B5A-9A41-98EC1BEBF048}"
EndProject
Project("{9A19103F-16F7-4668-BE54-9A1E7A4F7556}") = "Ex1_3", "Ex1_3\Ex1_3.csproj", "{B34FC066-AF8E-4D7D-9851-88E4B35F29B2}"
EndProject
Project("{9A19103F-16F7-4668-BE54-9A1E7A4F7556}") = "Ch2_1", "Ch2\Ch2_1.csproj", "{3EE1EB47-43C5-4993-9845-7212845A6C10}"
EndProject
Project("{9A19103F-16F7-4668-BE54-9A1E7A4F7556}") = "Ch2_2", "Ch2_2\Ch2_2.csproj", "{486B3B80-6820-4A70-8203-C510664BCA8E}"
EndProject
Project("{9A19103F-16F7-4668-BE54-9A1E7A4F7556}") = "Ex2_1", "Ex2_1\Ex2_1.csproj", "{74A3BBE4-4F14-469F-8EC2-395BBA593941}"
EndProject
Project("{9A19103F-16F7-4668-BE54-9A1E7A4F7556}") = "Ex2_2", "Ex2_2\Ex2_2.csproj", "{E9CF1876-68FB-4091-B91F-07FD67FE00CB}"
EndProject
Project("{9A19103F-16F7-4668-BE54-9A1E7A4F7556}") = "Ex2_3", "Ex2_3\Ex2_3.csproj", "{1690074C-ECD9-42CF-92D0-E98CDBFCD909}"
EndProject
Project("{9A19103F-16F7-4668-BE54-9A1E7A4F7556}") = "Ex3_1", "Ex3_1\Ex3_1.csproj", "{F16FD620-9CB8-4E6E-9876-402452B43173}"
EndProject
Project("{9A19103F-16F7-4668-BE54-9A1E7A4F7556}") = "Ex3_2", "Ex3_2\Ex3_2.csproj", "{34188AAC-40ED-400E-ABCD-CFA6C8C742AF}"
EndProject
Project("{9A19103F-16F7-4668-BE54-9A1E7A4F7556}") = "Ch4", "Ch4\Ch4.csproj", "{79F398B9-652C-4147-9CB8-7D934C7D94FC}"
EndProject
Project("{9A19103F-16F7-4668-BE54-9A1E7A4F7556}") = "Ex4", "Ex4\Ex4.csproj", "{2D356D46-9DB7-455B-B9EC-E502E9870591}"
EndProject
Project("{9A19103F-16F7-4668-BE54-9A1E7A4F7556}") = "Ex5", "Ex5\Ex5.csproj", "{86D189F5-2F0D-447E-A7E8-C70B131A9CCE}"
EndProject
Project("{9A19103F-16F7-4668-BE54-9A1E7A4F7556}") = "Ch6", "Ch6\Ch6.csproj", "{CF4CD7A8-B385-4DA9-B1F1-356A7DE92219}"
EndProject
Project("{9A19103F-16F7-4668-BE54-9A1E7A4F7556}") = "Ex6", "Ex6\Ex6.csproj", "{4A65E7FC-DA38-4956-8471-46943501E136}"
EndProject
Project("{FAE04EC0-301F-11D3-BF4B-00C04F79EFBC}") = "Ch7", "Ch7\Ch7.csproj", "{098DCBF4-0886-47DB-B5D4-3E1104D702FD}"
EndProject
Project("{FAE04EC0-301F-11D3-BF4B-00C04F79EFBC}") = "Ex7", "Ex7\Ex7.csproj", "{B2CD4BA6-927F-499A-89E6-62BC0B644B5F}"
EndProject
Global
	GlobalSection(SolutionConfigurationPlatforms) = preSolution
		Debug|Any CPU = Debug|Any CPU
		Release|Any CPU = Release|Any CPU
	EndGlobalSection
	GlobalSection(ProjectConfigurationPlatforms) = postSolution
		{0907C5B5-8C0B-4458-90B9-E2EA9B919159}.Debug|Any CPU.ActiveCfg = Debug|Any CPU
		{0907C5B5-8C0B-4458-90B9-E2EA9B919159}.Debug|Any CPU.Build.0 = Debug|Any CPU
		{0907C5B5-8C0B-4458-90B9-E2EA9B919159}.Release|Any CPU.ActiveCfg = Release|Any CPU
		{0907C5B5-8C0B-4458-90B9-E2EA9B919159}.Release|Any CPU.Build.0 = Release|Any CPU
		{87A0CDA4-415A-4B5A-9A41-98EC1BEBF048}.Debug|Any CPU.ActiveCfg = Debug|Any CPU
		{87A0CDA4-415A-4B5A-9A41-98EC1BEBF048}.Debug|Any CPU.Build.0 = Debug|Any CPU
		{87A0CDA4-415A-4B5A-9A41-98EC1BEBF048}.Release|Any CPU.ActiveCfg = Release|Any CPU
		{87A0CDA4-415A-4B5A-9A41-98EC1BEBF048}.Release|Any CPU.Build.0 = Release|Any CPU
		{B34FC066-AF8E-4D7D-9851-88E4B35F29B2}.Debug|Any CPU.ActiveCfg = Debug|Any CPU
		{B34FC066-AF8E-4D7D-9851-88E4B35F29B2}.Debug|Any CPU.Build.0 = Debug|Any CPU
		{B34FC066-AF8E-4D7D-9851-88E4B35F29B2}.Release|Any CPU.ActiveCfg = Release|Any CPU
		{B34FC066-AF8E-4D7D-9851-88E4B35F29B2}.Release|Any CPU.Build.0 = Release|Any CPU
		{3EE1EB47-43C5-4993-9845-7212845A6C10}.Debug|Any CPU.ActiveCfg = Debug|Any CPU
		{3EE1EB47-43C5-4993-9845-7212845A6C10}.Debug|Any CPU.Build.0 = Debug|Any CPU
		{3EE1EB47-43C5-4993-9845-7212845A6C10}.Release|Any CPU.ActiveCfg = Release|Any CPU
		{3EE1EB47-43C5-4993-9845-7212845A6C10}.Release|Any CPU.Build.0 = Release|Any CPU
		{486B3B80-6820-4A70-8203-C510664BCA8E}.Debug|Any CPU.ActiveCfg = Debug|Any CPU
		{486B3B80-6820-4A70-8203-C510664BCA8E}.Debug|Any CPU.Build.0 = Debug|Any CPU
		{486B3B80-6820-4A70-8203-C510664BCA8E}.Release|Any CPU.ActiveCfg = Release|Any CPU
		{486B3B80-6820-4A70-8203-C510664BCA8E}.Release|Any CPU.Build.0 = Release|Any CPU
		{74A3BBE4-4F14-469F-8EC2-395BBA593941}.Debug|Any CPU.ActiveCfg = Debug|Any CPU
		{74A3BBE4-4F14-469F-8EC2-395BBA593941}.Debug|Any CPU.Build.0 = Debug|Any CPU
		{74A3BBE4-4F14-469F-8EC2-395BBA593941}.Release|Any CPU.ActiveCfg = Release|Any CPU
		{74A3BBE4-4F14-469F-8EC2-395BBA593941}.Release|Any CPU.Build.0 = Release|Any CPU
		{E9CF1876-68FB-4091-B91F-07FD67FE00CB}.Debug|Any CPU.ActiveCfg = Debug|Any CPU
		{E9CF1876-68FB-4091-B91F-07FD67FE00CB}.Debug|Any CPU.Build.0 = Debug|Any CPU
		{E9CF1876-68FB-4091-B91F-07FD67FE00CB}.Release|Any CPU.ActiveCfg = Release|Any CPU
		{E9CF1876-68FB-4091-B91F-07FD67FE00CB}.Release|Any CPU.Build.0 = Release|Any CPU
		{1690074C-ECD9-42CF-92D0-E98CDBFCD909}.Debug|Any CPU.ActiveCfg = Debug|Any CPU
		{1690074C-ECD9-42CF-92D0-E98CDBFCD909}.Debug|Any CPU.Build.0 = Debug|Any CPU
		{1690074C-ECD9-42CF-92D0-E98CDBFCD909}.Release|Any CPU.ActiveCfg = Release|Any CPU
		{1690074C-ECD9-42CF-92D0-E98CDBFCD909}.Release|Any CPU.Build.0 = Release|Any CPU
		{F16FD620-9CB8-4E6E-9876-402452B43173}.Debug|Any CPU.ActiveCfg = Debug|Any CPU
		{F16FD620-9CB8-4E6E-9876-402452B43173}.Debug|Any CPU.Build.0 = Debug|Any CPU
		{F16FD620-9CB8-4E6E-9876-402452B43173}.Release|Any CPU.ActiveCfg = Release|Any CPU
		{F16FD620-9CB8-4E6E-9876-402452B43173}.Release|Any CPU.Build.0 = Release|Any CPU
		{34188AAC-40ED-400E-ABCD-CFA6C8C742AF}.Debug|Any CPU.ActiveCfg = Debug|Any CPU
		{34188AAC-40ED-400E-ABCD-CFA6C8C742AF}.Debug|Any CPU.Build.0 = Debug|Any CPU
		{34188AAC-40ED-400E-ABCD-CFA6C8C742AF}.Release|Any CPU.ActiveCfg = Release|Any CPU
		{34188AAC-40ED-400E-ABCD-CFA6C8C742AF}.Release|Any CPU.Build.0 = Release|Any CPU
		{79F398B9-652C-4147-9CB8-7D934C7D94FC}.Debug|Any CPU.ActiveCfg = Debug|Any CPU
		{79F398B9-652C-4147-9CB8-7D934C7D94FC}.Debug|Any CPU.Build.0 = Debug|Any CPU
		{79F398B9-652C-4147-9CB8-7D934C7D94FC}.Release|Any CPU.ActiveCfg = Release|Any CPU
		{79F398B9-652C-4147-9CB8-7D934C7D94FC}.Release|Any CPU.Build.0 = Release|Any CPU
		{2D356D46-9DB7-455B-B9EC-E502E9870591}.Debug|Any CPU.ActiveCfg = Debug|Any CPU
		{2D356D46-9DB7-455B-B9EC-E502E9870591}.Debug|Any CPU.Build.0 = Debug|Any CPU
		{2D356D46-9DB7-455B-B9EC-E502E9870591}.Release|Any CPU.ActiveCfg = Release|Any CPU
		{2D356D46-9DB7-455B-B9EC-E502E9870591}.Release|Any CPU.Build.0 = Release|Any CPU
		{86D189F5-2F0D-447E-A7E8-C70B131A9CCE}.Debug|Any CPU.ActiveCfg = Debug|Any CPU
		{86D189F5-2F0D-447E-A7E8-C70B131A9CCE}.Debug|Any CPU.Build.0 = Debug|Any CPU
		{86D189F5-2F0D-447E-A7E8-C70B131A9CCE}.Release|Any CPU.ActiveCfg = Release|Any CPU
		{86D189F5-2F0D-447E-A7E8-C70B131A9CCE}.Release|Any CPU.Build.0 = Release|Any CPU
		{CF4CD7A8-B385-4DA9-B1F1-356A7DE92219}.Debug|Any CPU.ActiveCfg = Debug|Any CPU
		{CF4CD7A8-B385-4DA9-B1F1-356A7DE92219}.Debug|Any CPU.Build.0 = Debug|Any CPU
		{CF4CD7A8-B385-4DA9-B1F1-356A7DE92219}.Release|Any CPU.ActiveCfg = Release|Any CPU
		{CF4CD7A8-B385-4DA9-B1F1-356A7DE92219}.Release|Any CPU.Build.0 = Release|Any CPU
		{4A65E7FC-DA38-4956-8471-46943501E136}.Debug|Any CPU.ActiveCfg = Debug|Any CPU
		{4A65E7FC-DA38-4956-8471-46943501E136}.Debug|Any CPU.Build.0 = Debug|Any CPU
		{4A65E7FC-DA38-4956-8471-46943501E136}.Release|Any CPU.ActiveCfg = Release|Any CPU
		{4A65E7FC-DA38-4956-8471-46943501E136}.Release|Any CPU.Build.0 = Release|Any CPU
		{098DCBF4-0886-47DB-B5D4-3E1104D702FD}.Debug|Any CPU.ActiveCfg = Debug|Any CPU
		{098DCBF4-0886-47DB-B5D4-3E1104D702FD}.Debug|Any CPU.Build.0 = Debug|Any CPU
		{098DCBF4-0886-47DB-B5D4-3E1104D702FD}.Release|Any CPU.ActiveCfg = Release|Any CPU
		{098DCBF4-0886-47DB-B5D4-3E1104D702FD}.Release|Any CPU.Build.0 = Release|Any CPU
		{B2CD4BA6-927F-499A-89E6-62BC0B644B5F}.Debug|Any CPU.ActiveCfg = Debug|Any CPU
		{B2CD4BA6-927F-499A-89E6-62BC0B644B5F}.Debug|Any CPU.Build.0 = Debug|Any CPU
		{B2CD4BA6-927F-499A-89E6-62BC0B644B5F}.Release|Any CPU.ActiveCfg = Release|Any CPU
		{B2CD4BA6-927F-499A-89E6-62BC0B644B5F}.Release|Any CPU.Build.0 = Release|Any CPU
	EndGlobalSection
	GlobalSection(SolutionProperties) = preSolution
		HideSolutionNode = FALSE
	EndGlobalSection
	GlobalSection(ExtensibilityGlobals) = postSolution
		SolutionGuid = {CC39C594-1341-4CB9-9D3D-74CC37B63293}
	EndGlobalSection
EndGlobal
